// !$*UTF8*$!
{
	archiveVersion = 1;
	classes = {
	};
	objectVersion = 70;
	objects = {

/* Begin PBXBuildFile section */
		609FE38724893242009FD079 /* AuthenticationServices.framework in Frameworks */ = {isa = PBXBuildFile; fileRef = 609FE38624893242009FD079 /* AuthenticationServices.framework */; };
		609FE38A24893242009FD079 /* AuthenticationViewController.swift in Sources */ = {isa = PBXBuildFile; fileRef = 609FE38924893242009FD079 /* AuthenticationViewController.swift */; };
		609FE38D24893242009FD079 /* AuthenticationViewController.xib in Resources */ = {isa = PBXBuildFile; fileRef = 609FE38B24893242009FD079 /* AuthenticationViewController.xib */; };
		B402BE7F2E10B0940024C7D9 /* EnterpriseSSO.swift in Sources */ = {isa = PBXBuildFile; fileRef = B402BE7E2E10B08F0024C7D9 /* EnterpriseSSO.swift */; };
		B404B2742E0DD88800A12D29 /* API.swift in Sources */ = {isa = PBXBuildFile; fileRef = B404B2732E0DD88500A12D29 /* API.swift */; };
		B42B450A2EA24B120046D847 /* Generated.framework in Frameworks */ = {isa = PBXBuildFile; fileRef = B42B45022EA24AEA0046D847 /* Generated.framework */; };
		B42B450B2EA24B120046D847 /* Generated.framework in Embed Frameworks */ = {isa = PBXBuildFile; fileRef = B42B45022EA24AEA0046D847 /* Generated.framework */; settings = {ATTRIBUTES = (CodeSignOnCopy, RemoveHeadersOnCopy, ); }; };
		B44148B62E10A6EB00347A5F /* Config.swift in Sources */ = {isa = PBXBuildFile; fileRef = B44148B52E10A6EA00347A5F /* Config.swift */; };
		B49BA5572E0F445700184992 /* AppAuth in Frameworks */ = {isa = PBXBuildFile; productRef = B49BA5562E0F445700184992 /* AppAuth */; };
		B49BA5592E0F445700184992 /* AppAuthCore in Frameworks */ = {isa = PBXBuildFile; productRef = B49BA5582E0F445700184992 /* AppAuthCore */; };
		B49BA55B2E0F447A00184992 /* Sentry in Frameworks */ = {isa = PBXBuildFile; productRef = B49BA55A2E0F447A00184992 /* Sentry */; };
		B49BA55F2E0F466300184992 /* OIDC.swift in Sources */ = {isa = PBXBuildFile; fileRef = B49BA55E2E0F466100184992 /* OIDC.swift */; };
		B49BA5612E0F73AF00184992 /* Sentry.swift in Sources */ = {isa = PBXBuildFile; fileRef = B49BA5602E0F73AD00184992 /* Sentry.swift */; };
		B49BA5632E100E4500184992 /* PlatformSSO.swift in Sources */ = {isa = PBXBuildFile; fileRef = B49BA5622E100E4400184992 /* PlatformSSO.swift */; };
		B4D2A6402EA25C96000B8E49 /* GRPCCore in Frameworks */ = {isa = PBXBuildFile; productRef = B4D2A63F2EA25C96000B8E49 /* GRPCCore */; };
		B4D2A6432EA25CAF000B8E49 /* GRPCNIOTransportHTTP2 in Frameworks */ = {isa = PBXBuildFile; productRef = B4D2A6422EA25CAF000B8E49 /* GRPCNIOTransportHTTP2 */; };
		B4D2A6462EA25CC1000B8E49 /* GRPCProtobuf in Frameworks */ = {isa = PBXBuildFile; productRef = B4D2A6452EA25CC1000B8E49 /* GRPCProtobuf */; };
		B4D2A66F2EA260B8000B8E49 /* Atomics in Frameworks */ = {isa = PBXBuildFile; productRef = B4D2A66E2EA260B8000B8E49 /* Atomics */; };
/* End PBXBuildFile section */

/* Begin PBXContainerItemProxy section */
		B42B450C2EA24B120046D847 /* PBXContainerItemProxy */ = {
			isa = PBXContainerItemProxy;
			containerPortal = 609FE345248929E6009FD079 /* Project object */;
			proxyType = 1;
			remoteGlobalIDString = B42B45012EA24AEA0046D847;
			remoteInfo = GRPC;
		};
/* End PBXContainerItemProxy section */

/* Begin PBXCopyFilesBuildPhase section */
		B42B450E2EA24B120046D847 /* Embed Frameworks */ = {
			isa = PBXCopyFilesBuildPhase;
			buildActionMask = 2147483647;
			dstPath = "";
			dstSubfolderSpec = 10;
			files = (
				B42B450B2EA24B120046D847 /* Generated.framework in Embed Frameworks */,
			);
			name = "Embed Frameworks";
			runOnlyForDeploymentPostprocessing = 0;
		};
/* End PBXCopyFilesBuildPhase section */

/* Begin PBXFileReference section */
		609FE38424893242009FD079 /* PSSO.appex */ = {isa = PBXFileReference; explicitFileType = "wrapper.app-extension"; includeInIndex = 0; path = PSSO.appex; sourceTree = BUILT_PRODUCTS_DIR; };
		609FE38624893242009FD079 /* AuthenticationServices.framework */ = {isa = PBXFileReference; lastKnownFileType = wrapper.framework; name = AuthenticationServices.framework; path = System/Library/Frameworks/AuthenticationServices.framework; sourceTree = SDKROOT; };
		609FE38924893242009FD079 /* AuthenticationViewController.swift */ = {isa = PBXFileReference; lastKnownFileType = sourcecode.swift; path = AuthenticationViewController.swift; sourceTree = "<group>"; };
		609FE38C24893242009FD079 /* Base */ = {isa = PBXFileReference; lastKnownFileType = file.xib; name = Base; path = Base.lproj/AuthenticationViewController.xib; sourceTree = "<group>"; };
		609FE38E24893242009FD079 /* Info.plist */ = {isa = PBXFileReference; lastKnownFileType = text.plist.xml; path = Info.plist; sourceTree = "<group>"; };
		609FE38F24893242009FD079 /* PSSO.entitlements */ = {isa = PBXFileReference; lastKnownFileType = text.plist.entitlements; path = PSSO.entitlements; sourceTree = "<group>"; };
		B402BE7E2E10B08F0024C7D9 /* EnterpriseSSO.swift */ = {isa = PBXFileReference; lastKnownFileType = sourcecode.swift; path = EnterpriseSSO.swift; sourceTree = "<group>"; };
		B404B2732E0DD88500A12D29 /* API.swift */ = {isa = PBXFileReference; lastKnownFileType = sourcecode.swift; path = API.swift; sourceTree = "<group>"; };
		B42B45022EA24AEA0046D847 /* Generated.framework */ = {isa = PBXFileReference; explicitFileType = wrapper.framework; includeInIndex = 0; path = Generated.framework; sourceTree = BUILT_PRODUCTS_DIR; };
		B44148B52E10A6EA00347A5F /* Config.swift */ = {isa = PBXFileReference; lastKnownFileType = sourcecode.swift; path = Config.swift; sourceTree = "<group>"; };
		B49BA55E2E0F466100184992 /* OIDC.swift */ = {isa = PBXFileReference; lastKnownFileType = sourcecode.swift; path = OIDC.swift; sourceTree = "<group>"; };
		B49BA5602E0F73AD00184992 /* Sentry.swift */ = {isa = PBXFileReference; lastKnownFileType = sourcecode.swift; path = Sentry.swift; sourceTree = "<group>"; };
		B49BA5622E100E4400184992 /* PlatformSSO.swift */ = {isa = PBXFileReference; lastKnownFileType = sourcecode.swift; path = PlatformSSO.swift; sourceTree = "<group>"; };
/* End PBXFileReference section */

/* Begin PBXFileSystemSynchronizedRootGroup section */
		B42B45032EA24AEA0046D847 /* Generated */ = {isa = PBXFileSystemSynchronizedRootGroup; explicitFileTypes = {}; explicitFolders = (); path = Generated; sourceTree = "<group>"; };
/* End PBXFileSystemSynchronizedRootGroup section */

/* Begin PBXFrameworksBuildPhase section */
		609FE38124893242009FD079 /* Frameworks */ = {
			isa = PBXFrameworksBuildPhase;
			buildActionMask = 2147483647;
			files = (
				B49BA5572E0F445700184992 /* AppAuth in Frameworks */,
				609FE38724893242009FD079 /* AuthenticationServices.framework in Frameworks */,
				B49BA5592E0F445700184992 /* AppAuthCore in Frameworks */,
				B49BA55B2E0F447A00184992 /* Sentry in Frameworks */,
				B42B450A2EA24B120046D847 /* Generated.framework in Frameworks */,
			);
			runOnlyForDeploymentPostprocessing = 0;
		};
		B42B44FF2EA24AEA0046D847 /* Frameworks */ = {
			isa = PBXFrameworksBuildPhase;
			buildActionMask = 2147483647;
			files = (
				B4D2A6462EA25CC1000B8E49 /* GRPCProtobuf in Frameworks */,
				B4D2A6432EA25CAF000B8E49 /* GRPCNIOTransportHTTP2 in Frameworks */,
				B4D2A6402EA25C96000B8E49 /* GRPCCore in Frameworks */,
				B4D2A66F2EA260B8000B8E49 /* Atomics in Frameworks */,
			);
			runOnlyForDeploymentPostprocessing = 0;
		};
/* End PBXFrameworksBuildPhase section */

/* Begin PBXGroup section */
		609FE344248929E6009FD079 = {
			isa = PBXGroup;
			children = (
				609FE38824893242009FD079 /* PSSO */,
				B42B45032EA24AEA0046D847 /* Generated */,
				609FE38524893242009FD079 /* Frameworks */,
				609FE34E248929E6009FD079 /* Products */,
			);
			sourceTree = "<group>";
		};
		609FE34E248929E6009FD079 /* Products */ = {
			isa = PBXGroup;
			children = (
				609FE38424893242009FD079 /* PSSO.appex */,
				B42B45022EA24AEA0046D847 /* Generated.framework */,
			);
			name = Products;
			sourceTree = "<group>";
		};
		609FE38524893242009FD079 /* Frameworks */ = {
			isa = PBXGroup;
			children = (
				609FE38624893242009FD079 /* AuthenticationServices.framework */,
			);
			name = Frameworks;
			sourceTree = "<group>";
		};
		609FE38824893242009FD079 /* PSSO */ = {
			isa = PBXGroup;
			children = (
				B402BE7E2E10B08F0024C7D9 /* EnterpriseSSO.swift */,
				B49BA5622E100E4400184992 /* PlatformSSO.swift */,
				B44148B52E10A6EA00347A5F /* Config.swift */,
				B49BA5602E0F73AD00184992 /* Sentry.swift */,
				B49BA55E2E0F466100184992 /* OIDC.swift */,
				B404B2732E0DD88500A12D29 /* API.swift */,
				609FE38924893242009FD079 /* AuthenticationViewController.swift */,
				609FE38B24893242009FD079 /* AuthenticationViewController.xib */,
				609FE38E24893242009FD079 /* Info.plist */,
				609FE38F24893242009FD079 /* PSSO.entitlements */,
			);
			path = PSSO;
			sourceTree = "<group>";
		};
/* End PBXGroup section */

/* Begin PBXHeadersBuildPhase section */
		B42B44FD2EA24AEA0046D847 /* Headers */ = {
			isa = PBXHeadersBuildPhase;
			buildActionMask = 2147483647;
			files = (
			);
			runOnlyForDeploymentPostprocessing = 0;
		};
/* End PBXHeadersBuildPhase section */

/* Begin PBXNativeTarget section */
		609FE38324893242009FD079 /* PSSO */ = {
			isa = PBXNativeTarget;
			buildConfigurationList = 609FE39324893243009FD079 /* Build configuration list for PBXNativeTarget "PSSO" */;
			buildPhases = (
				609FE38024893242009FD079 /* Sources */,
				609FE38124893242009FD079 /* Frameworks */,
				609FE38224893242009FD079 /* Resources */,
				B42B450E2EA24B120046D847 /* Embed Frameworks */,
			);
			buildRules = (
			);
			dependencies = (
				B42B450D2EA24B120046D847 /* PBXTargetDependency */,
			);
			name = PSSO;
			productName = PSSO;
			productReference = 609FE38424893242009FD079 /* PSSO.appex */;
			productType = "com.apple.product-type.app-extension";
		};
		B42B45012EA24AEA0046D847 /* Generated */ = {
			isa = PBXNativeTarget;
			buildConfigurationList = B42B45062EA24AEA0046D847 /* Build configuration list for PBXNativeTarget "Generated" */;
			buildPhases = (
				B42B44FD2EA24AEA0046D847 /* Headers */,
				B42B44FE2EA24AEA0046D847 /* Sources */,
				B42B44FF2EA24AEA0046D847 /* Frameworks */,
				B42B45002EA24AEA0046D847 /* Resources */,
			);
			buildRules = (
			);
			dependencies = (
			);
			fileSystemSynchronizedGroups = (
				B42B45032EA24AEA0046D847 /* Generated */,
			);
			name = Generated;
			packageProductDependencies = (
				B4D2A63F2EA25C96000B8E49 /* GRPCCore */,
				B4D2A6422EA25CAF000B8E49 /* GRPCNIOTransportHTTP2 */,
				B4D2A6452EA25CC1000B8E49 /* GRPCProtobuf */,
				B4D2A66E2EA260B8000B8E49 /* Atomics */,
			);
			productName = GRPC;
			productReference = B42B45022EA24AEA0046D847 /* Generated.framework */;
			productType = "com.apple.product-type.framework";
		};
/* End PBXNativeTarget section */

/* Begin PBXProject section */
		609FE345248929E6009FD079 /* Project object */ = {
			isa = PBXProject;
			attributes = {
				BuildIndependentTargetsInParallel = YES;
				LastSwiftUpdateCheck = 1640;
				LastUpgradeCheck = 1640;
				ORGANIZATIONNAME = "Authentik Security Inc.";
				TargetAttributes = {
					609FE38324893242009FD079 = {
						CreatedOnToolsVersion = 11.3.1;
					};
					B42B45012EA24AEA0046D847 = {
						CreatedOnToolsVersion = 16.4;
					};
				};
			};
			buildConfigurationList = 609FE348248929E6009FD079 /* Build configuration list for PBXProject "authentikPlatform" */;
			compatibilityVersion = "Xcode 9.3";
			developmentRegion = en;
			hasScannedForEncodings = 0;
			knownRegions = (
				en,
				Base,
			);
			mainGroup = 609FE344248929E6009FD079;
			packageReferences = (
				B49BA5542E0EF70B00184992 /* XCRemoteSwiftPackageReference "sentry-cocoa" */,
				B49BA5552E0F445700184992 /* XCRemoteSwiftPackageReference "AppAuth-iOS" */,
				B4D2A63E2EA25C96000B8E49 /* XCRemoteSwiftPackageReference "grpc-swift-2" */,
				B4D2A6412EA25CAF000B8E49 /* XCRemoteSwiftPackageReference "grpc-swift-nio-transport" */,
				B4D2A6442EA25CC1000B8E49 /* XCRemoteSwiftPackageReference "grpc-swift-protobuf" */,
				B4D2A66D2EA260B8000B8E49 /* XCRemoteSwiftPackageReference "swift-atomics" */,
			);
			productRefGroup = 609FE34E248929E6009FD079 /* Products */;
			projectDirPath = "";
			projectRoot = "";
			targets = (
				609FE38324893242009FD079 /* PSSO */,
				B42B45012EA24AEA0046D847 /* Generated */,
			);
		};
/* End PBXProject section */

/* Begin PBXResourcesBuildPhase section */
		609FE38224893242009FD079 /* Resources */ = {
			isa = PBXResourcesBuildPhase;
			buildActionMask = 2147483647;
			files = (
				609FE38D24893242009FD079 /* AuthenticationViewController.xib in Resources */,
			);
			runOnlyForDeploymentPostprocessing = 0;
		};
		B42B45002EA24AEA0046D847 /* Resources */ = {
			isa = PBXResourcesBuildPhase;
			buildActionMask = 2147483647;
			files = (
			);
			runOnlyForDeploymentPostprocessing = 0;
		};
/* End PBXResourcesBuildPhase section */

/* Begin PBXSourcesBuildPhase section */
		609FE38024893242009FD079 /* Sources */ = {
			isa = PBXSourcesBuildPhase;
			buildActionMask = 2147483647;
			files = (
				B49BA5612E0F73AF00184992 /* Sentry.swift in Sources */,
				B49BA55F2E0F466300184992 /* OIDC.swift in Sources */,
				B44148B62E10A6EB00347A5F /* Config.swift in Sources */,
				B402BE7F2E10B0940024C7D9 /* EnterpriseSSO.swift in Sources */,
				B404B2742E0DD88800A12D29 /* API.swift in Sources */,
				609FE38A24893242009FD079 /* AuthenticationViewController.swift in Sources */,
				B49BA5632E100E4500184992 /* PlatformSSO.swift in Sources */,
			);
			runOnlyForDeploymentPostprocessing = 0;
		};
		B42B44FE2EA24AEA0046D847 /* Sources */ = {
			isa = PBXSourcesBuildPhase;
			buildActionMask = 2147483647;
			files = (
			);
			runOnlyForDeploymentPostprocessing = 0;
		};
/* End PBXSourcesBuildPhase section */

/* Begin PBXTargetDependency section */
		B42B450D2EA24B120046D847 /* PBXTargetDependency */ = {
			isa = PBXTargetDependency;
			target = B42B45012EA24AEA0046D847 /* Generated */;
			targetProxy = B42B450C2EA24B120046D847 /* PBXContainerItemProxy */;
		};
/* End PBXTargetDependency section */

/* Begin PBXVariantGroup section */
		609FE38B24893242009FD079 /* AuthenticationViewController.xib */ = {
			isa = PBXVariantGroup;
			children = (
				609FE38C24893242009FD079 /* Base */,
			);
			name = AuthenticationViewController.xib;
			sourceTree = "<group>";
		};
/* End PBXVariantGroup section */

/* Begin XCBuildConfiguration section */
		609FE374248929EB009FD079 /* Debug */ = {
			isa = XCBuildConfiguration;
			buildSettings = {
				ALWAYS_SEARCH_USER_PATHS = NO;
				CLANG_ANALYZER_NONNULL = YES;
				CLANG_ANALYZER_NUMBER_OBJECT_CONVERSION = YES_AGGRESSIVE;
				CLANG_CXX_LANGUAGE_STANDARD = "gnu++14";
				CLANG_CXX_LIBRARY = "libc++";
				CLANG_ENABLE_MODULES = YES;
				CLANG_ENABLE_OBJC_ARC = YES;
				CLANG_ENABLE_OBJC_WEAK = YES;
				CLANG_WARN_BLOCK_CAPTURE_AUTORELEASING = YES;
				CLANG_WARN_BOOL_CONVERSION = YES;
				CLANG_WARN_COMMA = YES;
				CLANG_WARN_CONSTANT_CONVERSION = YES;
				CLANG_WARN_DEPRECATED_OBJC_IMPLEMENTATIONS = YES;
				CLANG_WARN_DIRECT_OBJC_ISA_USAGE = YES_ERROR;
				CLANG_WARN_DOCUMENTATION_COMMENTS = YES;
				CLANG_WARN_EMPTY_BODY = YES;
				CLANG_WARN_ENUM_CONVERSION = YES;
				CLANG_WARN_INFINITE_RECURSION = YES;
				CLANG_WARN_INT_CONVERSION = YES;
				CLANG_WARN_NON_LITERAL_NULL_CONVERSION = YES;
				CLANG_WARN_OBJC_IMPLICIT_RETAIN_SELF = YES;
				CLANG_WARN_OBJC_LITERAL_CONVERSION = YES;
				CLANG_WARN_OBJC_ROOT_CLASS = YES_ERROR;
				CLANG_WARN_QUOTED_INCLUDE_IN_FRAMEWORK_HEADER = YES;
				CLANG_WARN_RANGE_LOOP_ANALYSIS = YES;
				CLANG_WARN_STRICT_PROTOTYPES = YES;
				CLANG_WARN_SUSPICIOUS_MOVE = YES;
				CLANG_WARN_UNGUARDED_AVAILABILITY = YES_AGGRESSIVE;
				CLANG_WARN_UNREACHABLE_CODE = YES;
				CLANG_WARN__DUPLICATE_METHOD_MATCH = YES;
				COPY_PHASE_STRIP = NO;
				CURRENT_PROJECT_VERSION = 4;
				DEAD_CODE_STRIPPING = YES;
				DEBUG_INFORMATION_FORMAT = "dwarf-with-dsym";
				ENABLE_STRICT_OBJC_MSGSEND = YES;
				ENABLE_TESTABILITY = YES;
				ENABLE_USER_SCRIPT_SANDBOXING = YES;
				GCC_C_LANGUAGE_STANDARD = gnu11;
				GCC_DYNAMIC_NO_PIC = NO;
				GCC_NO_COMMON_BLOCKS = YES;
				GCC_OPTIMIZATION_LEVEL = 0;
				GCC_PREPROCESSOR_DEFINITIONS = (
					"DEBUG=1",
					"$(inherited)",
				);
				GCC_WARN_64_TO_32_BIT_CONVERSION = YES;
				GCC_WARN_ABOUT_RETURN_TYPE = YES_ERROR;
				GCC_WARN_UNDECLARED_SELECTOR = YES;
				GCC_WARN_UNINITIALIZED_AUTOS = YES_AGGRESSIVE;
				GCC_WARN_UNUSED_FUNCTION = YES;
				GCC_WARN_UNUSED_VARIABLE = YES;
				MACOSX_DEPLOYMENT_TARGET = 10.15;
				MTL_ENABLE_DEBUG_INFO = INCLUDE_SOURCE;
				MTL_FAST_MATH = YES;
				ONLY_ACTIVE_ARCH = YES;
				SDKROOT = macosx;
				SWIFT_ACTIVE_COMPILATION_CONDITIONS = DEBUG;
				SWIFT_OPTIMIZATION_LEVEL = "-Onone";
			};
			name = Debug;
		};
		609FE375248929EB009FD079 /* Release */ = {
			isa = XCBuildConfiguration;
			buildSettings = {
				ALWAYS_SEARCH_USER_PATHS = NO;
				CLANG_ANALYZER_NONNULL = YES;
				CLANG_ANALYZER_NUMBER_OBJECT_CONVERSION = YES_AGGRESSIVE;
				CLANG_CXX_LANGUAGE_STANDARD = "gnu++14";
				CLANG_CXX_LIBRARY = "libc++";
				CLANG_ENABLE_MODULES = YES;
				CLANG_ENABLE_OBJC_ARC = YES;
				CLANG_ENABLE_OBJC_WEAK = YES;
				CLANG_WARN_BLOCK_CAPTURE_AUTORELEASING = YES;
				CLANG_WARN_BOOL_CONVERSION = YES;
				CLANG_WARN_COMMA = YES;
				CLANG_WARN_CONSTANT_CONVERSION = YES;
				CLANG_WARN_DEPRECATED_OBJC_IMPLEMENTATIONS = YES;
				CLANG_WARN_DIRECT_OBJC_ISA_USAGE = YES_ERROR;
				CLANG_WARN_DOCUMENTATION_COMMENTS = YES;
				CLANG_WARN_EMPTY_BODY = YES;
				CLANG_WARN_ENUM_CONVERSION = YES;
				CLANG_WARN_INFINITE_RECURSION = YES;
				CLANG_WARN_INT_CONVERSION = YES;
				CLANG_WARN_NON_LITERAL_NULL_CONVERSION = YES;
				CLANG_WARN_OBJC_IMPLICIT_RETAIN_SELF = YES;
				CLANG_WARN_OBJC_LITERAL_CONVERSION = YES;
				CLANG_WARN_OBJC_ROOT_CLASS = YES_ERROR;
				CLANG_WARN_QUOTED_INCLUDE_IN_FRAMEWORK_HEADER = YES;
				CLANG_WARN_RANGE_LOOP_ANALYSIS = YES;
				CLANG_WARN_STRICT_PROTOTYPES = YES;
				CLANG_WARN_SUSPICIOUS_MOVE = YES;
				CLANG_WARN_UNGUARDED_AVAILABILITY = YES_AGGRESSIVE;
				CLANG_WARN_UNREACHABLE_CODE = YES;
				CLANG_WARN__DUPLICATE_METHOD_MATCH = YES;
				COPY_PHASE_STRIP = NO;
				CURRENT_PROJECT_VERSION = 4;
				DEAD_CODE_STRIPPING = YES;
				DEBUG_INFORMATION_FORMAT = "dwarf-with-dsym";
				ENABLE_NS_ASSERTIONS = NO;
				ENABLE_STRICT_OBJC_MSGSEND = YES;
				ENABLE_USER_SCRIPT_SANDBOXING = YES;
				GCC_C_LANGUAGE_STANDARD = gnu11;
				GCC_NO_COMMON_BLOCKS = YES;
				GCC_WARN_64_TO_32_BIT_CONVERSION = YES;
				GCC_WARN_ABOUT_RETURN_TYPE = YES_ERROR;
				GCC_WARN_UNDECLARED_SELECTOR = YES;
				GCC_WARN_UNINITIALIZED_AUTOS = YES_AGGRESSIVE;
				GCC_WARN_UNUSED_FUNCTION = YES;
				GCC_WARN_UNUSED_VARIABLE = YES;
				MACOSX_DEPLOYMENT_TARGET = 10.15;
				MTL_ENABLE_DEBUG_INFO = NO;
				MTL_FAST_MATH = YES;
				SDKROOT = macosx;
				SWIFT_COMPILATION_MODE = wholemodule;
				SWIFT_OPTIMIZATION_LEVEL = "-O";
			};
			name = Release;
		};
		609FE39424893243009FD079 /* Debug */ = {
			isa = XCBuildConfiguration;
			buildSettings = {
				CODE_SIGN_ENTITLEMENTS = PSSO/PSSO.entitlements;
				CODE_SIGN_IDENTITY = "Apple Development";
				CODE_SIGN_STYLE = Automatic;
				DEAD_CODE_STRIPPING = YES;
				DEVELOPMENT_TEAM = 232G855Y8N;
				ENABLE_HARDENED_RUNTIME = YES;
				INFOPLIST_FILE = PSSO/Info.plist;
				INFOPLIST_KEY_CFBundleDisplayName = "authentik Endpoint";
				LD_RUNPATH_SEARCH_PATHS = (
					"$(inherited)",
					"@executable_path/../Frameworks",
					"@executable_path/../../../../Frameworks",
				);
				MACOSX_DEPLOYMENT_TARGET = 15.0;
				PRODUCT_BUNDLE_IDENTIFIER = io.goauthentik.platform.psso;
				PRODUCT_NAME = "$(TARGET_NAME)";
				PROVISIONING_PROFILE_SPECIFIER = "";
				REGISTER_APP_GROUPS = YES;
				SDKROOT = macosx;
				SKIP_INSTALL = YES;
				SWIFT_VERSION = 5.0;
			};
			name = Debug;
		};
		609FE39524893243009FD079 /* Release */ = {
			isa = XCBuildConfiguration;
			buildSettings = {
				CODE_SIGN_ENTITLEMENTS = PSSO/PSSO.entitlements;
				CODE_SIGN_IDENTITY = "Developer ID Application";
				CODE_SIGN_STYLE = Manual;
				DEAD_CODE_STRIPPING = YES;
				DEVELOPMENT_TEAM = 232G855Y8N;
				ENABLE_HARDENED_RUNTIME = YES;
				INFOPLIST_FILE = PSSO/Info.plist;
				INFOPLIST_KEY_CFBundleDisplayName = "authentik Endpoint";
				LD_RUNPATH_SEARCH_PATHS = (
					"$(inherited)",
					"@executable_path/../Frameworks",
					"@executable_path/../../../../Frameworks",
				);
				MACOSX_DEPLOYMENT_TARGET = 15.0;
				PRODUCT_BUNDLE_IDENTIFIER = io.goauthentik.platform.psso;
				PRODUCT_NAME = "$(TARGET_NAME)";
				PROVISIONING_PROFILE_SPECIFIER = "GHA authentik Platform PSSO";
				REGISTER_APP_GROUPS = YES;
				SDKROOT = macosx;
				SKIP_INSTALL = YES;
				SWIFT_VERSION = 5.0;
			};
			name = Release;
		};
		B42B45072EA24AEA0046D847 /* Debug */ = {
			isa = XCBuildConfiguration;
			buildSettings = {
				ALLOW_TARGET_PLATFORM_SPECIALIZATION = YES;
				ASSETCATALOG_COMPILER_GENERATE_SWIFT_ASSET_SYMBOL_EXTENSIONS = YES;
				BUILD_LIBRARY_FOR_DISTRIBUTION = YES;
				CLANG_CXX_LANGUAGE_STANDARD = "gnu++20";
				CODE_SIGN_STYLE = Automatic;
				CURRENT_PROJECT_VERSION = 1;
				DEBUG_INFORMATION_FORMAT = dwarf;
				DEVELOPMENT_TEAM = 232G855Y8N;
				DYLIB_COMPATIBILITY_VERSION = 1;
				DYLIB_CURRENT_VERSION = 1;
				DYLIB_INSTALL_NAME_BASE = "@rpath";
				ENABLE_MODULE_VERIFIER = YES;
				GCC_C_LANGUAGE_STANDARD = gnu17;
				GENERATE_INFOPLIST_FILE = YES;
				INFOPLIST_KEY_NSHumanReadableCopyright = "Copyright © 2025 Authentik Security Inc. All rights reserved.";
				INSTALL_PATH = "$(LOCAL_LIBRARY_DIR)/Frameworks";
				IPHONEOS_DEPLOYMENT_TARGET = 18.5;
				LD_RUNPATH_SEARCH_PATHS = (
					"@executable_path/Frameworks",
					"@loader_path/Frameworks",
				);
				"LD_RUNPATH_SEARCH_PATHS[sdk=macosx*]" = (
					"@executable_path/../Frameworks",
					"@loader_path/Frameworks",
				);
				LOCALIZATION_PREFERS_STRING_CATALOGS = YES;
				MACOSX_DEPLOYMENT_TARGET = 15.4;
				MARKETING_VERSION = 1.0;
				MODULE_VERIFIER_SUPPORTED_LANGUAGES = "objective-c objective-c++";
				MODULE_VERIFIER_SUPPORTED_LANGUAGE_STANDARDS = "gnu17 gnu++20";
				PRODUCT_BUNDLE_IDENTIFIER = io.goauthentik.GRPC;
				PRODUCT_NAME = "$(TARGET_NAME:c99extidentifier)";
				SDKROOT = auto;
				SKIP_INSTALL = YES;
				SUPPORTED_PLATFORMS = "appletvos appletvsimulator iphoneos iphonesimulator macosx watchos watchsimulator xros xrsimulator";
				SUPPORTS_MACCATALYST = NO;
				SWIFT_ACTIVE_COMPILATION_CONDITIONS = "DEBUG $(inherited)";
				SWIFT_EMIT_LOC_STRINGS = YES;
				SWIFT_INSTALL_MODULE = YES;
				SWIFT_INSTALL_OBJC_HEADER = NO;
				SWIFT_VERSION = 5.0;
				TARGETED_DEVICE_FAMILY = "1,2,3,4,7";
				TVOS_DEPLOYMENT_TARGET = 18;
				VERSIONING_SYSTEM = "apple-generic";
				VERSION_INFO_PREFIX = "";
				WATCHOS_DEPLOYMENT_TARGET = 11;
				XROS_DEPLOYMENT_TARGET = 2.5;
			};
			name = Debug;
		};
		B42B45082EA24AEA0046D847 /* Release */ = {
			isa = XCBuildConfiguration;
			buildSettings = {
				ALLOW_TARGET_PLATFORM_SPECIALIZATION = YES;
				ASSETCATALOG_COMPILER_GENERATE_SWIFT_ASSET_SYMBOL_EXTENSIONS = YES;
				BUILD_LIBRARY_FOR_DISTRIBUTION = YES;
				CLANG_CXX_LANGUAGE_STANDARD = "gnu++20";
				CODE_SIGN_STYLE = Manual;
				CURRENT_PROJECT_VERSION = 1;
				DEVELOPMENT_TEAM = "";
				DYLIB_COMPATIBILITY_VERSION = 1;
				DYLIB_CURRENT_VERSION = 1;
				DYLIB_INSTALL_NAME_BASE = "@rpath";
				ENABLE_MODULE_VERIFIER = YES;
				GCC_C_LANGUAGE_STANDARD = gnu17;
				GENERATE_INFOPLIST_FILE = YES;
				INFOPLIST_KEY_NSHumanReadableCopyright = "Copyright © 2025 Authentik Security Inc. All rights reserved.";
				INSTALL_PATH = "$(LOCAL_LIBRARY_DIR)/Frameworks";
				IPHONEOS_DEPLOYMENT_TARGET = 18.5;
				LD_RUNPATH_SEARCH_PATHS = (
					"@executable_path/Frameworks",
					"@loader_path/Frameworks",
				);
				"LD_RUNPATH_SEARCH_PATHS[sdk=macosx*]" = (
					"@executable_path/../Frameworks",
					"@loader_path/Frameworks",
				);
				LOCALIZATION_PREFERS_STRING_CATALOGS = YES;
				MACOSX_DEPLOYMENT_TARGET = 15.4;
				MARKETING_VERSION = 1.0;
				MODULE_VERIFIER_SUPPORTED_LANGUAGES = "objective-c objective-c++";
				MODULE_VERIFIER_SUPPORTED_LANGUAGE_STANDARDS = "gnu17 gnu++20";
				PRODUCT_BUNDLE_IDENTIFIER = io.goauthentik.platform.generated;
				PRODUCT_NAME = "$(TARGET_NAME:c99extidentifier)";
				PROVISIONING_PROFILE_SPECIFIER = "";
				SDKROOT = auto;
				SKIP_INSTALL = YES;
				SUPPORTED_PLATFORMS = "appletvos appletvsimulator iphoneos iphonesimulator macosx watchos watchsimulator xros xrsimulator";
				SUPPORTS_MACCATALYST = NO;
				SWIFT_EMIT_LOC_STRINGS = YES;
				SWIFT_INSTALL_MODULE = YES;
				SWIFT_INSTALL_OBJC_HEADER = NO;
				SWIFT_VERSION = 5.0;
				TARGETED_DEVICE_FAMILY = "1,2,3,4,7";
				TVOS_DEPLOYMENT_TARGET = 18;
				VERSIONING_SYSTEM = "apple-generic";
				VERSION_INFO_PREFIX = "";
				WATCHOS_DEPLOYMENT_TARGET = 11;
				XROS_DEPLOYMENT_TARGET = 2.5;
			};
			name = Release;
		};
/* End XCBuildConfiguration section */

/* Begin XCConfigurationList section */
		609FE348248929E6009FD079 /* Build configuration list for PBXProject "authentikPlatform" */ = {
			isa = XCConfigurationList;
			buildConfigurations = (
				609FE374248929EB009FD079 /* Debug */,
				609FE375248929EB009FD079 /* Release */,
			);
			defaultConfigurationIsVisible = 0;
			defaultConfigurationName = Release;
		};
		609FE39324893243009FD079 /* Build configuration list for PBXNativeTarget "PSSO" */ = {
			isa = XCConfigurationList;
			buildConfigurations = (
				609FE39424893243009FD079 /* Debug */,
				609FE39524893243009FD079 /* Release */,
			);
			defaultConfigurationIsVisible = 0;
			defaultConfigurationName = Release;
		};
		B42B45062EA24AEA0046D847 /* Build configuration list for PBXNativeTarget "Generated" */ = {
			isa = XCConfigurationList;
			buildConfigurations = (
				B42B45072EA24AEA0046D847 /* Debug */,
				B42B45082EA24AEA0046D847 /* Release */,
			);
			defaultConfigurationIsVisible = 0;
			defaultConfigurationName = Release;
		};
/* End XCConfigurationList section */

/* Begin XCRemoteSwiftPackageReference section */
		B49BA5542E0EF70B00184992 /* XCRemoteSwiftPackageReference "sentry-cocoa" */ = {
			isa = XCRemoteSwiftPackageReference;
			repositoryURL = "https://github.com/getsentry/sentry-cocoa.git";
			requirement = {
				kind = upToNextMajorVersion;
				minimumVersion = 8.53.1;
			};
		};
		B49BA5552E0F445700184992 /* XCRemoteSwiftPackageReference "AppAuth-iOS" */ = {
			isa = XCRemoteSwiftPackageReference;
			repositoryURL = "https://github.com/openid/AppAuth-iOS";
			requirement = {
				kind = upToNextMajorVersion;
				minimumVersion = 2.0.0;
			};
		};
		B4D2A63E2EA25C96000B8E49 /* XCRemoteSwiftPackageReference "grpc-swift-2" */ = {
			isa = XCRemoteSwiftPackageReference;
			repositoryURL = "https://github.com/grpc/grpc-swift-2";
			requirement = {
				kind = upToNextMajorVersion;
				minimumVersion = 2.1.0;
			};
		};
		B4D2A6412EA25CAF000B8E49 /* XCRemoteSwiftPackageReference "grpc-swift-nio-transport" */ = {
			isa = XCRemoteSwiftPackageReference;
			repositoryURL = "https://github.com/grpc/grpc-swift-nio-transport.git";
			requirement = {
				kind = upToNextMajorVersion;
				minimumVersion = 2.0.0;
			};
		};
		B4D2A6442EA25CC1000B8E49 /* XCRemoteSwiftPackageReference "grpc-swift-protobuf" */ = {
			isa = XCRemoteSwiftPackageReference;
			repositoryURL = "https://github.com/grpc/grpc-swift-protobuf";
			requirement = {
				kind = upToNextMajorVersion;
				minimumVersion = 2.0.0;
			};
		};
		B4D2A66D2EA260B8000B8E49 /* XCRemoteSwiftPackageReference "swift-atomics" */ = {
			isa = XCRemoteSwiftPackageReference;
			repositoryURL = "https://github.com/apple/swift-atomics.git";
			requirement = {
				kind = upToNextMajorVersion;
				minimumVersion = 1.3.0;
			};
		};
/* End XCRemoteSwiftPackageReference section */

/* Begin XCSwiftPackageProductDependency section */
		B49BA5562E0F445700184992 /* AppAuth */ = {
			isa = XCSwiftPackageProductDependency;
			package = B49BA5552E0F445700184992 /* XCRemoteSwiftPackageReference "AppAuth-iOS" */;
			productName = AppAuth;
		};
		B49BA5582E0F445700184992 /* AppAuthCore */ = {
			isa = XCSwiftPackageProductDependency;
			package = B49BA5552E0F445700184992 /* XCRemoteSwiftPackageReference "AppAuth-iOS" */;
			productName = AppAuthCore;
		};
		B49BA55A2E0F447A00184992 /* Sentry */ = {
			isa = XCSwiftPackageProductDependency;
			package = B49BA5542E0EF70B00184992 /* XCRemoteSwiftPackageReference "sentry-cocoa" */;
			productName = Sentry;
		};
		B4D2A63F2EA25C96000B8E49 /* GRPCCore */ = {
			isa = XCSwiftPackageProductDependency;
			package = B4D2A63E2EA25C96000B8E49 /* XCRemoteSwiftPackageReference "grpc-swift-2" */;
			productName = GRPCCore;
		};
		B4D2A6422EA25CAF000B8E49 /* GRPCNIOTransportHTTP2 */ = {
			isa = XCSwiftPackageProductDependency;
			package = B4D2A6412EA25CAF000B8E49 /* XCRemoteSwiftPackageReference "grpc-swift-nio-transport" */;
			productName = GRPCNIOTransportHTTP2;
		};
		B4D2A6452EA25CC1000B8E49 /* GRPCProtobuf */ = {
			isa = XCSwiftPackageProductDependency;
			package = B4D2A6442EA25CC1000B8E49 /* XCRemoteSwiftPackageReference "grpc-swift-protobuf" */;
			productName = GRPCProtobuf;
		};
		B4D2A66E2EA260B8000B8E49 /* Atomics */ = {
			isa = XCSwiftPackageProductDependency;
			package = B4D2A66D2EA260B8000B8E49 /* XCRemoteSwiftPackageReference "swift-atomics" */;
			productName = Atomics;
		};
/* End XCSwiftPackageProductDependency section */
	};
	rootObject = 609FE345248929E6009FD079 /* Project object */;
}
